<?xml version="1.0" encoding="utf-8"?>
<Project ToolsVersion="4.0" xmlns="http://schemas.microsoft.com/developer/msbuild/2003">
  <ItemGroup>
    <Filter Include="Source Files">
      <UniqueIdentifier>{4FC737F1-C7A5-4376-A066-2A32D752A2FF}</UniqueIdentifier>
      <Extensions>cpp;c;cc;cxx;c++;cppm;ixx;def;odl;idl;hpj;bat;asm;asmx</Extensions>
    </Filter>
    <Filter Include="Header Files">
      <UniqueIdentifier>{93995380-89BD-4b04-88EB-625FBE52EBFB}</UniqueIdentifier>
      <Extensions>h;hh;hpp;hxx;h++;hm;inl;inc;ipp;xsd</Extensions>
    </Filter>
    <Filter Include="Resource Files">
      <UniqueIdentifier>{67DA6AB6-F800-4c08-8B7A-83BB121AAD01}</UniqueIdentifier>
      <Extensions>rc;ico;cur;bmp;dlg;rc2;rct;bin;rgs;gif;jpg;jpeg;jpe;resx;tiff;tif;png;wav;mfcribbon-ms</Extensions>
    </Filter>
    <Filter Include="Header Files\Core">
      <UniqueIdentifier>{dfac5943-1635-4ac5-8d72-307f045bcdcd}</UniqueIdentifier>
    </Filter>
    <Filter Include="Header Files\States">
      <UniqueIdentifier>{71ec9f3f-9e8d-47e6-956a-80aa0aaf94e0}</UniqueIdentifier>
    </Filter>
    <Filter Include="Source Files\Core">
      <UniqueIdentifier>{d1062865-e37d-4439-8d7d-f3886fe68894}</UniqueIdentifier>
    </Filter>
    <Filter Include="Source Files\States">
      <UniqueIdentifier>{87f1537e-bc0c-46e6-8d97-3c6331821c32}</UniqueIdentifier>
    </Filter>
    <Filter Include="Resource Files\Images">
      <UniqueIdentifier>{9b82a4f1-8ee3-4388-8ad7-9bd5b3187f01}</UniqueIdentifier>
    </Filter>
    <Filter Include="Header Files\Tools">
      <UniqueIdentifier>{b38d5431-a882-4b66-89b4-0b40334fcc86}</UniqueIdentifier>
    </Filter>
    <Filter Include="Source Files\Tools">
      <UniqueIdentifier>{c2255b94-b8e7-4b68-8d2b-5582409bf95d}</UniqueIdentifier>
    </Filter>
    <Filter Include="Header Files\Core\Data">
      <UniqueIdentifier>{c94e1c66-b09f-49da-94b2-aa862a323c6e}</UniqueIdentifier>
    </Filter>
    <Filter Include="Source Files\Core\Data">
      <UniqueIdentifier>{20875607-313a-4106-a7a7-2234768a2e18}</UniqueIdentifier>
    </Filter>
  </ItemGroup>
  <ItemGroup>
    <ClCompile Include="Main.cpp">
      <Filter>Source Files</Filter>
    </ClCompile>
    <ClCompile Include="AppPlanner.cpp">
      <Filter>Source Files</Filter>
    </ClCompile>
    <ClCompile Include="AssetManager.cpp">
      <Filter>Source Files\Core</Filter>
    </ClCompile>
    <ClCompile Include="AssetManager.hpp">
      <Filter>Header Files\Core</Filter>
    </ClCompile>
    <ClCompile Include="InputManager.cpp">
      <Filter>Source Files\Core</Filter>
    </ClCompile>
    <ClCompile Include="InputManager.hpp">
      <Filter>Header Files\Core</Filter>
    </ClCompile>
    <ClCompile Include="StateMachine.cpp">
      <Filter>Source Files\Core</Filter>
    </ClCompile>
    <ClCompile Include="StateMachine.hpp">
      <Filter>Header Files\Core</Filter>
    </ClCompile>
    <ClCompile Include="SplashState.cpp">
      <Filter>Source Files\States</Filter>
    </ClCompile>
    <ClCompile Include="HomeState.cpp">
      <Filter>Source Files\States</Filter>
    </ClCompile>
    <ClCompile Include="Models.hpp">
      <Filter>Header Files\Core\Data</Filter>
    </ClCompile>
    <ClCompile Include="DatabaseManager.cpp">
      <Filter>Source Files\Core\Data</Filter>
    </ClCompile>
    <ClCompile Include="LoginState.cpp">
      <Filter>Source Files\States</Filter>
    </ClCompile>
  </ItemGroup>
  <ItemGroup>
    <ClInclude Include="DEFINITIONS.hpp">
      <Filter>Header Files</Filter>
    </ClInclude>
    <ClInclude Include="AppPlanner.hpp">
      <Filter>Header Files</Filter>
    </ClInclude>
    <ClInclude Include="State.hpp">
      <Filter>Header Files\Core</Filter>
    </ClInclude>
    <ClInclude Include="SplashState.hpp">
      <Filter>Header Files\States</Filter>
    </ClInclude>
    <ClInclude Include="HomeState.hpp">
      <Filter>Header Files\States</Filter>
    </ClInclude>
    <ClInclude Include="DatabaseManager.hpp">
      <Filter>Header Files\Core\Data</Filter>
    </ClInclude>
    <ClInclude Include="LoginState.hpp">
      <Filter>Header Files\States</Filter>
    </ClInclude>
  </ItemGroup>
  <ItemGroup>
    <Image Include="Resources\Images\Splash Background.png">
      <Filter>Resource Files\Images</Filter>
    </Image>
    <Image Include="Resources\Images\Default Background.png">
      <Filter>Resource Files\Images</Filter>
    </Image>
    <Image Include="Resources\Images\Continue Button.png">
      <Filter>Resource Files\Images</Filter>
    </Image>
  </ItemGroup>
</Project>